// !$*UTF8*$!
{
	archiveVersion = 1;
	classes = {
	};
	objectVersion = 56;
	objects = {

/* Begin PBXBuildFile section */
		7557EB202C7DFBE4006BE62B /* CompadreEspanholApp.swift in Sources */ = {isa = PBXBuildFile; fileRef = 7557EB1F2C7DFBE4006BE62B /* CompadreEspanholApp.swift */; };
		7557EB222C7DFBE4006BE62B /* ContentView.swift in Sources */ = {isa = PBXBuildFile; fileRef = 7557EB212C7DFBE4006BE62B /* ContentView.swift */; };
		7557EB242C7DFBE5006BE62B /* Assets.xcassets in Resources */ = {isa = PBXBuildFile; fileRef = 7557EB232C7DFBE5006BE62B /* Assets.xcassets */; };
		7557EB272C7DFBE5006BE62B /* Preview Assets.xcassets in Resources */ = {isa = PBXBuildFile; fileRef = 7557EB262C7DFBE5006BE62B /* Preview Assets.xcassets */; };
		7557EB312C7DFBE6006BE62B /* CompadreEspanholTests.swift in Sources */ = {isa = PBXBuildFile; fileRef = 7557EB302C7DFBE6006BE62B /* CompadreEspanholTests.swift */; };
		7557EB3B2C7DFBE6006BE62B /* CompadreEspanholUITests.swift in Sources */ = {isa = PBXBuildFile; fileRef = 7557EB3A2C7DFBE6006BE62B /* CompadreEspanholUITests.swift */; };
		7557EB3D2C7DFBE6006BE62B /* CompadreEspanholUITestsLaunchTests.swift in Sources */ = {isa = PBXBuildFile; fileRef = 7557EB3C2C7DFBE6006BE62B /* CompadreEspanholUITestsLaunchTests.swift */; };
/* End PBXBuildFile section */

/* Begin PBXContainerItemProxy section */
		7557EB2D2C7DFBE6006BE62B /* PBXContainerItemProxy */ = {
			isa = PBXContainerItemProxy;
			containerPortal = 7557EB142C7DFBE4006BE62B /* Project object */;
			proxyType = 1;
			remoteGlobalIDString = 7557EB1B2C7DFBE4006BE62B;
			remoteInfo = CompadreEspanhol;
		};
		7557EB372C7DFBE6006BE62B /* PBXContainerItemProxy */ = {
			isa = PBXContainerItemProxy;
			containerPortal = 7557EB142C7DFBE4006BE62B /* Project object */;
			proxyType = 1;
			remoteGlobalIDString = 7557EB1B2C7DFBE4006BE62B;
			remoteInfo = CompadreEspanhol;
		};
/* End PBXContainerItemProxy section */

/* Begin PBXFileReference section */
		7557EB1C2C7DFBE4006BE62B /* CompadreEspanhol.app */ = {isa = PBXFileReference; explicitFileType = wrapper.application; includeInIndex = 0; path = CompadreEspanhol.app; sourceTree = BUILT_PRODUCTS_DIR; };
		7557EB1F2C7DFBE4006BE62B /* CompadreEspanholApp.swift */ = {isa = PBXFileReference; lastKnownFileType = sourcecode.swift; path = CompadreEspanholApp.swift; sourceTree = "<group>"; };
		7557EB212C7DFBE4006BE62B /* ContentView.swift */ = {isa = PBXFileReference; lastKnownFileType = sourcecode.swift; path = ContentView.swift; sourceTree = "<group>"; };
		7557EB232C7DFBE5006BE62B /* Assets.xcassets */ = {isa = PBXFileReference; lastKnownFileType = folder.assetcatalog; path = Assets.xcassets; sourceTree = "<group>"; };
		7557EB262C7DFBE5006BE62B /* Preview Assets.xcassets */ = {isa = PBXFileReference; lastKnownFileType = folder.assetcatalog; path = "Preview Assets.xcassets"; sourceTree = "<group>"; };
		7557EB2C2C7DFBE6006BE62B /* CompadreEspanholTests.xctest */ = {isa = PBXFileReference; explicitFileType = wrapper.cfbundle; includeInIndex = 0; path = CompadreEspanholTests.xctest; sourceTree = BUILT_PRODUCTS_DIR; };
		7557EB302C7DFBE6006BE62B /* CompadreEspanholTests.swift */ = {isa = PBXFileReference; lastKnownFileType = sourcecode.swift; path = CompadreEspanholTests.swift; sourceTree = "<group>"; };
		7557EB362C7DFBE6006BE62B /* CompadreEspanholUITests.xctest */ = {isa = PBXFileReference; explicitFileType = wrapper.cfbundle; includeInIndex = 0; path = CompadreEspanholUITests.xctest; sourceTree = BUILT_PRODUCTS_DIR; };
		7557EB3A2C7DFBE6006BE62B /* CompadreEspanholUITests.swift */ = {isa = PBXFileReference; lastKnownFileType = sourcecode.swift; path = CompadreEspanholUITests.swift; sourceTree = "<group>"; };
		7557EB3C2C7DFBE6006BE62B /* CompadreEspanholUITestsLaunchTests.swift */ = {isa = PBXFileReference; lastKnownFileType = sourcecode.swift; path = CompadreEspanholUITestsLaunchTests.swift; sourceTree = "<group>"; };
/* End PBXFileReference section */

/* Begin PBXFrameworksBuildPhase section */
		7557EB192C7DFBE4006BE62B /* Frameworks */ = {
			isa = PBXFrameworksBuildPhase;
			buildActionMask = 2147483647;
			files = (
			);
			runOnlyForDeploymentPostprocessing = 0;
		};
		7557EB292C7DFBE6006BE62B /* Frameworks */ = {
			isa = PBXFrameworksBuildPhase;
			buildActionMask = 2147483647;
			files = (
			);
			runOnlyForDeploymentPostprocessing = 0;
		};
		7557EB332C7DFBE6006BE62B /* Frameworks */ = {
			isa = PBXFrameworksBuildPhase;
			buildActionMask = 2147483647;
			files = (
			);
			runOnlyForDeploymentPostprocessing = 0;
		};
/* End PBXFrameworksBuildPhase section */

/* Begin PBXGroup section */
		7557EB132C7DFBE4006BE62B = {
			isa = PBXGroup;
			children = (
				7557EB1E2C7DFBE4006BE62B /* CompadreEspanhol */,
				7557EB2F2C7DFBE6006BE62B /* CompadreEspanholTests */,
				7557EB392C7DFBE6006BE62B /* CompadreEspanholUITests */,
				7557EB1D2C7DFBE4006BE62B /* Products */,
			);
			sourceTree = "<group>";
		};
		7557EB1D2C7DFBE4006BE62B /* Products */ = {
			isa = PBXGroup;
			children = (
				7557EB1C2C7DFBE4006BE62B /* CompadreEspanhol.app */,
				7557EB2C2C7DFBE6006BE62B /* CompadreEspanholTests.xctest */,
				7557EB362C7DFBE6006BE62B /* CompadreEspanholUITests.xctest */,
			);
			name = Products;
			sourceTree = "<group>";
		};
		7557EB1E2C7DFBE4006BE62B /* CompadreEspanhol */ = {
			isa = PBXGroup;
			children = (
				7557EB1F2C7DFBE4006BE62B /* CompadreEspanholApp.swift */,
				7557EB212C7DFBE4006BE62B /* ContentView.swift */,
				7557EB232C7DFBE5006BE62B /* Assets.xcassets */,
				7557EB252C7DFBE5006BE62B /* Preview Content */,
			);
			path = CompadreEspanhol;
			sourceTree = "<group>";
		};
		7557EB252C7DFBE5006BE62B /* Preview Content */ = {
			isa = PBXGroup;
			children = (
				7557EB262C7DFBE5006BE62B /* Preview Assets.xcassets */,
			);
			path = "Preview Content";
			sourceTree = "<group>";
		};
		7557EB2F2C7DFBE6006BE62B /* CompadreEspanholTests */ = {
			isa = PBXGroup;
			children = (
				7557EB302C7DFBE6006BE62B /* CompadreEspanholTests.swift */,
			);
			path = CompadreEspanholTests;
			sourceTree = "<group>";
		};
		7557EB392C7DFBE6006BE62B /* CompadreEspanholUITests */ = {
			isa = PBXGroup;
			children = (
				7557EB3A2C7DFBE6006BE62B /* CompadreEspanholUITests.swift */,
				7557EB3C2C7DFBE6006BE62B /* CompadreEspanholUITestsLaunchTests.swift */,
			);
			path = CompadreEspanholUITests;
			sourceTree = "<group>";
		};
/* End PBXGroup section */

/* Begin PBXNativeTarget section */
		7557EB1B2C7DFBE4006BE62B /* CompadreEspanhol */ = {
			isa = PBXNativeTarget;
			buildConfigurationList = 7557EB402C7DFBE6006BE62B /* Build configuration list for PBXNativeTarget "CompadreEspanhol" */;
			buildPhases = (
				7557EB182C7DFBE4006BE62B /* Sources */,
				7557EB192C7DFBE4006BE62B /* Frameworks */,
				7557EB1A2C7DFBE4006BE62B /* Resources */,
			);
			buildRules = (
			);
			dependencies = (
			);
			name = CompadreEspanhol;
			productName = CompadreEspanhol;
			productReference = 7557EB1C2C7DFBE4006BE62B /* CompadreEspanhol.app */;
			productType = "com.apple.product-type.application";
		};
		7557EB2B2C7DFBE6006BE62B /* CompadreEspanholTests */ = {
			isa = PBXNativeTarget;
			buildConfigurationList = 7557EB432C7DFBE6006BE62B /* Build configuration list for PBXNativeTarget "CompadreEspanholTests" */;
			buildPhases = (
				7557EB282C7DFBE6006BE62B /* Sources */,
				7557EB292C7DFBE6006BE62B /* Frameworks */,
				7557EB2A2C7DFBE6006BE62B /* Resources */,
			);
			buildRules = (
			);
			dependencies = (
				7557EB2E2C7DFBE6006BE62B /* PBXTargetDependency */,
			);
			name = CompadreEspanholTests;
			productName = CompadreEspanholTests;
			productReference = 7557EB2C2C7DFBE6006BE62B /* CompadreEspanholTests.xctest */;
			productType = "com.apple.product-type.bundle.unit-test";
		};
		7557EB352C7DFBE6006BE62B /* CompadreEspanholUITests */ = {
			isa = PBXNativeTarget;
			buildConfigurationList = 7557EB462C7DFBE6006BE62B /* Build configuration list for PBXNativeTarget "CompadreEspanholUITests" */;
			buildPhases = (
				7557EB322C7DFBE6006BE62B /* Sources */,
				7557EB332C7DFBE6006BE62B /* Frameworks */,
				7557EB342C7DFBE6006BE62B /* Resources */,
			);
			buildRules = (
			);
			dependencies = (
				7557EB382C7DFBE6006BE62B /* PBXTargetDependency */,
			);
			name = CompadreEspanholUITests;
			productName = CompadreEspanholUITests;
			productReference = 7557EB362C7DFBE6006BE62B /* CompadreEspanholUITests.xctest */;
			productType = "com.apple.product-type.bundle.ui-testing";
		};
/* End PBXNativeTarget section */

/* Begin PBXProject section */
		7557EB142C7DFBE4006BE62B /* Project object */ = {
			isa = PBXProject;
			attributes = {
				BuildIndependentTargetsInParallel = 1;
				LastSwiftUpdateCheck = 1540;
				LastUpgradeCheck = 1540;
				TargetAttributes = {
					7557EB1B2C7DFBE4006BE62B = {
						CreatedOnToolsVersion = 15.4;
					};
					7557EB2B2C7DFBE6006BE62B = {
						CreatedOnToolsVersion = 15.4;
						TestTargetID = 7557EB1B2C7DFBE4006BE62B;
					};
					7557EB352C7DFBE6006BE62B = {
						CreatedOnToolsVersion = 15.4;
						TestTargetID = 7557EB1B2C7DFBE4006BE62B;
					};
				};
			};
			buildConfigurationList = 7557EB172C7DFBE4006BE62B /* Build configuration list for PBXProject "CompadreEspanhol" */;
			compatibilityVersion = "Xcode 14.0";
			developmentRegion = en;
			hasScannedForEncodings = 0;
			knownRegions = (
				en,
				Base,
			);
			mainGroup = 7557EB132C7DFBE4006BE62B;
			productRefGroup = 7557EB1D2C7DFBE4006BE62B /* Products */;
			projectDirPath = "";
			projectRoot = "";
			targets = (
				7557EB1B2C7DFBE4006BE62B /* CompadreEspanhol */,
				7557EB2B2C7DFBE6006BE62B /* CompadreEspanholTests */,
				7557EB352C7DFBE6006BE62B /* CompadreEspanholUITests */,
			);
		};
/* End PBXProject section */

/* Begin PBXResourcesBuildPhase section */
		7557EB1A2C7DFBE4006BE62B /* Resources */ = {
			isa = PBXResourcesBuildPhase;
			buildActionMask = 2147483647;
			files = (
				7557EB272C7DFBE5006BE62B /* Preview Assets.xcassets in Resources */,
				7557EB242C7DFBE5006BE62B /* Assets.xcassets in Resources */,
			);
			runOnlyForDeploymentPostprocessing = 0;
		};
		7557EB2A2C7DFBE6006BE62B /* Resources */ = {
			isa = PBXResourcesBuildPhase;
			buildActionMask = 2147483647;
			files = (
			);
			runOnlyForDeploymentPostprocessing = 0;
		};
		7557EB342C7DFBE6006BE62B /* Resources */ = {
			isa = PBXResourcesBuildPhase;
			buildActionMask = 2147483647;
			files = (
			);
			runOnlyForDeploymentPostprocessing = 0;
		};
/* End PBXResourcesBuildPhase section */

/* Begin PBXSourcesBuildPhase section */
		7557EB182C7DFBE4006BE62B /* Sources */ = {
			isa = PBXSourcesBuildPhase;
			buildActionMask = 2147483647;
			files = (
				7557EB222C7DFBE4006BE62B /* ContentView.swift in Sources */,
				7557EB202C7DFBE4006BE62B /* CompadreEspanholApp.swift in Sources */,
			);
			runOnlyForDeploymentPostprocessing = 0;
		};
		7557EB282C7DFBE6006BE62B /* Sources */ = {
			isa = PBXSourcesBuildPhase;
			buildActionMask = 2147483647;
			files = (
				7557EB312C7DFBE6006BE62B /* CompadreEspanholTests.swift in Sources */,
			);
			runOnlyForDeploymentPostprocessing = 0;
		};
		7557EB322C7DFBE6006BE62B /* Sources */ = {
			isa = PBXSourcesBuildPhase;
			buildActionMask = 2147483647;
			files = (
				7557EB3B2C7DFBE6006BE62B /* CompadreEspanholUITests.swift in Sources */,
				7557EB3D2C7DFBE6006BE62B /* CompadreEspanholUITestsLaunchTests.swift in Sources */,
			);
			runOnlyForDeploymentPostprocessing = 0;
		};
/* End PBXSourcesBuildPhase section */

/* Begin PBXTargetDependency section */
		7557EB2E2C7DFBE6006BE62B /* PBXTargetDependency */ = {
			isa = PBXTargetDependency;
			target = 7557EB1B2C7DFBE4006BE62B /* CompadreEspanhol */;
			targetProxy = 7557EB2D2C7DFBE6006BE62B /* PBXContainerItemProxy */;
		};
		7557EB382C7DFBE6006BE62B /* PBXTargetDependency */ = {
			isa = PBXTargetDependency;
			target = 7557EB1B2C7DFBE4006BE62B /* CompadreEspanhol */;
			targetProxy = 7557EB372C7DFBE6006BE62B /* PBXContainerItemProxy */;
		};
/* End PBXTargetDependency section */

/* Begin XCBuildConfiguration section */
		7557EB3E2C7DFBE6006BE62B /* Debug */ = {
			isa = XCBuildConfiguration;
			buildSettings = {
				ALWAYS_SEARCH_USER_PATHS = NO;
				ASSETCATALOG_COMPILER_GENERATE_SWIFT_ASSET_SYMBOL_EXTENSIONS = YES;
				CLANG_ANALYZER_NONNULL = YES;
				CLANG_ANALYZER_NUMBER_OBJECT_CONVERSION = YES_AGGRESSIVE;
				CLANG_CXX_LANGUAGE_STANDARD = "gnu++20";
				CLANG_ENABLE_MODULES = YES;
				CLANG_ENABLE_OBJC_ARC = YES;
				CLANG_ENABLE_OBJC_WEAK = YES;
				CLANG_WARN_BLOCK_CAPTURE_AUTORELEASING = YES;
				CLANG_WARN_BOOL_CONVERSION = YES;
				CLANG_WARN_COMMA = YES;
				CLANG_WARN_CONSTANT_CONVERSION = YES;
				CLANG_WARN_DEPRECATED_OBJC_IMPLEMENTATIONS = YES;
				CLANG_WARN_DIRECT_OBJC_ISA_USAGE = YES_ERROR;
				CLANG_WARN_DOCUMENTATION_COMMENTS = YES;
				CLANG_WARN_EMPTY_BODY = YES;
				CLANG_WARN_ENUM_CONVERSION = YES;
				CLANG_WARN_INFINITE_RECURSION = YES;
				CLANG_WARN_INT_CONVERSION = YES;
				CLANG_WARN_NON_LITERAL_NULL_CONVERSION = YES;
				CLANG_WARN_OBJC_IMPLICIT_RETAIN_SELF = YES;
				CLANG_WARN_OBJC_LITERAL_CONVERSION = YES;
				CLANG_WARN_OBJC_ROOT_CLASS = YES_ERROR;
				CLANG_WARN_QUOTED_INCLUDE_IN_FRAMEWORK_HEADER = YES;
				CLANG_WARN_RANGE_LOOP_ANALYSIS = YES;
				CLANG_WARN_STRICT_PROTOTYPES = YES;
				CLANG_WARN_SUSPICIOUS_MOVE = YES;
				CLANG_WARN_UNGUARDED_AVAILABILITY = YES_AGGRESSIVE;
				CLANG_WARN_UNREACHABLE_CODE = YES;
				CLANG_WARN__DUPLICATE_METHOD_MATCH = YES;
				COPY_PHASE_STRIP = NO;
				DEBUG_INFORMATION_FORMAT = dwarf;
				ENABLE_STRICT_OBJC_MSGSEND = YES;
				ENABLE_TESTABILITY = YES;
				ENABLE_USER_SCRIPT_SANDBOXING = YES;
				GCC_C_LANGUAGE_STANDARD = gnu17;
				GCC_DYNAMIC_NO_PIC = NO;
				GCC_NO_COMMON_BLOCKS = YES;
				GCC_OPTIMIZATION_LEVEL = 0;
				GCC_PREPROCESSOR_DEFINITIONS = (
					"DEBUG=1",
					"$(inherited)",
				);
				GCC_WARN_64_TO_32_BIT_CONVERSION = YES;
				GCC_WARN_ABOUT_RETURN_TYPE = YES_ERROR;
				GCC_WARN_UNDECLARED_SELECTOR = YES;
				GCC_WARN_UNINITIALIZED_AUTOS = YES_AGGRESSIVE;
				GCC_WARN_UNUSED_FUNCTION = YES;
				GCC_WARN_UNUSED_VARIABLE = YES;
				IPHONEOS_DEPLOYMENT_TARGET = 17.5;
				LOCALIZATION_PREFERS_STRING_CATALOGS = YES;
				MTL_ENABLE_DEBUG_INFO = INCLUDE_SOURCE;
				MTL_FAST_MATH = YES;
				ONLY_ACTIVE_ARCH = YES;
				SDKROOT = iphoneos;
				SWIFT_ACTIVE_COMPILATION_CONDITIONS = "DEBUG $(inherited)";
				SWIFT_OPTIMIZATION_LEVEL = "-Onone";
			};
			name = Debug;
		};
		7557EB3F2C7DFBE6006BE62B /* Release */ = {
			isa = XCBuildConfiguration;
			buildSettings = {
				ALWAYS_SEARCH_USER_PATHS = NO;
				ASSETCATALOG_COMPILER_GENERATE_SWIFT_ASSET_SYMBOL_EXTENSIONS = YES;
				CLANG_ANALYZER_NONNULL = YES;
				CLANG_ANALYZER_NUMBER_OBJECT_CONVERSION = YES_AGGRESSIVE;
				CLANG_CXX_LANGUAGE_STANDARD = "gnu++20";
				CLANG_ENABLE_MODULES = YES;
				CLANG_ENABLE_OBJC_ARC = YES;
				CLANG_ENABLE_OBJC_WEAK = YES;
				CLANG_WARN_BLOCK_CAPTURE_AUTORELEASING = YES;
				CLANG_WARN_BOOL_CONVERSION = YES;
				CLANG_WARN_COMMA = YES;
				CLANG_WARN_CONSTANT_CONVERSION = YES;
				CLANG_WARN_DEPRECATED_OBJC_IMPLEMENTATIONS = YES;
				CLANG_WARN_DIRECT_OBJC_ISA_USAGE = YES_ERROR;
				CLANG_WARN_DOCUMENTATION_COMMENTS = YES;
				CLANG_WARN_EMPTY_BODY = YES;
				CLANG_WARN_ENUM_CONVERSION = YES;
				CLANG_WARN_INFINITE_RECURSION = YES;
				CLANG_WARN_INT_CONVERSION = YES;
				CLANG_WARN_NON_LITERAL_NULL_CONVERSION = YES;
				CLANG_WARN_OBJC_IMPLICIT_RETAIN_SELF = YES;
				CLANG_WARN_OBJC_LITERAL_CONVERSION = YES;
				CLANG_WARN_OBJC_ROOT_CLASS = YES_ERROR;
				CLANG_WARN_QUOTED_INCLUDE_IN_FRAMEWORK_HEADER = YES;
				CLANG_WARN_RANGE_LOOP_ANALYSIS = YES;
				CLANG_WARN_STRICT_PROTOTYPES = YES;
				CLANG_WARN_SUSPICIOUS_MOVE = YES;
				CLANG_WARN_UNGUARDED_AVAILABILITY = YES_AGGRESSIVE;
				CLANG_WARN_UNREACHABLE_CODE = YES;
				CLANG_WARN__DUPLICATE_METHOD_MATCH = YES;
				COPY_PHASE_STRIP = NO;
				DEBUG_INFORMATION_FORMAT = "dwarf-with-dsym";
				ENABLE_NS_ASSERTIONS = NO;
				ENABLE_STRICT_OBJC_MSGSEND = YES;
				ENABLE_USER_SCRIPT_SANDBOXING = YES;
				GCC_C_LANGUAGE_STANDARD = gnu17;
				GCC_NO_COMMON_BLOCKS = YES;
				GCC_WARN_64_TO_32_BIT_CONVERSION = YES;
				GCC_WARN_ABOUT_RETURN_TYPE = YES_ERROR;
				GCC_WARN_UNDECLARED_SELECTOR = YES;
				GCC_WARN_UNINITIALIZED_AUTOS = YES_AGGRESSIVE;
				GCC_WARN_UNUSED_FUNCTION = YES;
				GCC_WARN_UNUSED_VARIABLE = YES;
				IPHONEOS_DEPLOYMENT_TARGET = 17.5;
				LOCALIZATION_PREFERS_STRING_CATALOGS = YES;
				MTL_ENABLE_DEBUG_INFO = NO;
				MTL_FAST_MATH = YES;
				SDKROOT = iphoneos;
				SWIFT_COMPILATION_MODE = wholemodule;
				VALIDATE_PRODUCT = YES;
			};
			name = Release;
		};
		7557EB412C7DFBE6006BE62B /* Debug */ = {
			isa = XCBuildConfiguration;
			buildSettings = {
				ASSETCATALOG_COMPILER_APPICON_NAME = AppIcon;
				ASSETCATALOG_COMPILER_GLOBAL_ACCENT_COLOR_NAME = AccentColor;
				CODE_SIGN_STYLE = Automatic;
				CURRENT_PROJECT_VERSION = 1;
				DEVELOPMENT_ASSET_PATHS = "\"CompadreEspanhol/Preview Content\"";
				DEVELOPMENT_TEAM = 8KR33X63ZD;
				ENABLE_PREVIEWS = YES;
				GENERATE_INFOPLIST_FILE = YES;
				INFOPLIST_KEY_CFBundleDisplayName = "Compadre Espanhol";
				INFOPLIST_KEY_LSApplicationCategoryType = "public.app-category.education";
				INFOPLIST_KEY_UIApplicationSceneManifest_Generation = YES;
				INFOPLIST_KEY_UIApplicationSupportsIndirectInputEvents = YES;
				INFOPLIST_KEY_UILaunchScreen_Generation = YES;
				INFOPLIST_KEY_UISupportedInterfaceOrientations = UIInterfaceOrientationPortrait;
				INFOPLIST_KEY_UISupportedInterfaceOrientations_iPad = "UIInterfaceOrientationLandscapeLeft UIInterfaceOrientationLandscapeRight UIInterfaceOrientationPortrait UIInterfaceOrientationPortraitUpsideDown";
				LD_RUNPATH_SEARCH_PATHS = (
					"$(inherited)",
					"@executable_path/Frameworks",
				);
				MARKETING_VERSION = 1.0;
				PRODUCT_BUNDLE_IDENTIFIER = DuarteBruno.CompadreEspanhol;
				PRODUCT_NAME = "$(TARGET_NAME)";
				SUPPORTED_PLATFORMS = "iphoneos iphonesimulator";
				SUPPORTS_MACCATALYST = NO;
				SUPPORTS_MAC_DESIGNED_FOR_IPHONE_IPAD = NO;
				SUPPORTS_XR_DESIGNED_FOR_IPHONE_IPAD = NO;
				SWIFT_EMIT_LOC_STRINGS = YES;
				SWIFT_VERSION = 5.0;
				TARGETED_DEVICE_FAMILY = 1;
			};
			name = Debug;
		};
		7557EB422C7DFBE6006BE62B /* Release */ = {
			isa = XCBuildConfiguration;
			buildSettings = {
				ASSETCATALOG_COMPILER_APPICON_NAME = AppIcon;
				ASSETCATALOG_COMPILER_GLOBAL_ACCENT_COLOR_NAME = AccentColor;
				CODE_SIGN_STYLE = Automatic;
				CURRENT_PROJECT_VERSION = 1;
				DEVELOPMENT_ASSET_PATHS = "\"CompadreEspanhol/Preview Content\"";
				DEVELOPMENT_TEAM = 8KR33X63ZD;
				ENABLE_PREVIEWS = YES;
				GENERATE_INFOPLIST_FILE = YES;
				INFOPLIST_KEY_CFBundleDisplayName = "Compadre Espanhol";
				INFOPLIST_KEY_LSApplicationCategoryType = "public.app-category.education";
				INFOPLIST_KEY_UIApplicationSceneManifest_Generation = YES;
				INFOPLIST_KEY_UIApplicationSupportsIndirectInputEvents = YES;
				INFOPLIST_KEY_UILaunchScreen_Generation = YES;
				INFOPLIST_KEY_UISupportedInterfaceOrientations = UIInterfaceOrientationPortrait;
				INFOPLIST_KEY_UISupportedInterfaceOrientations_iPad = "UIInterfaceOrientationLandscapeLeft UIInterfaceOrientationLandscapeRight UIInterfaceOrientationPortrait UIInterfaceOrientationPortraitUpsideDown";
				LD_RUNPATH_SEARCH_PATHS = (
					"$(inherited)",
					"@executable_path/Frameworks",
				);
				MARKETING_VERSION = 1.0;
				PRODUCT_BUNDLE_IDENTIFIER = DuarteBruno.CompadreEspanhol;
				PRODUCT_NAME = "$(TARGET_NAME)";
				SUPPORTED_PLATFORMS = "iphoneos iphonesimulator";
				SUPPORTS_MACCATALYST = NO;
				SUPPORTS_MAC_DESIGNED_FOR_IPHONE_IPAD = NO;
				SUPPORTS_XR_DESIGNED_FOR_IPHONE_IPAD = NO;
				SWIFT_EMIT_LOC_STRINGS = YES;
				SWIFT_VERSION = 5.0;
				TARGETED_DEVICE_FAMILY = 1;
			};
			name = Release;
		};
		7557EB442C7DFBE6006BE62B /* Debug */ = {
			isa = XCBuildConfiguration;
			buildSettings = {
				ALWAYS_EMBED_SWIFT_STANDARD_LIBRARIES = YES;
				BUNDLE_LOADER = "$(TEST_HOST)";
				CODE_SIGN_STYLE = Automatic;
				CURRENT_PROJECT_VERSION = 1;
				DEVELOPMENT_TEAM = 8KR33X63ZD;
				GENERATE_INFOPLIST_FILE = YES;
				IPHONEOS_DEPLOYMENT_TARGET = 17.5;
				MARKETING_VERSION = 1.0;
				PRODUCT_BUNDLE_IDENTIFIER = DuarteBruno.CompadreEspanholTests;
				PRODUCT_NAME = "$(TARGET_NAME)";
				SWIFT_EMIT_LOC_STRINGS = NO;
				SWIFT_VERSION = 5.0;
				TARGETED_DEVICE_FAMILY = "1,2";
				TEST_HOST = "$(BUILT_PRODUCTS_DIR)/CompadreEspanhol.app/$(BUNDLE_EXECUTABLE_FOLDER_PATH)/CompadreEspanhol";
			};
			name = Debug;
		};
		7557EB452C7DFBE6006BE62B /* Release */ = {
			isa = XCBuildConfiguration;
			buildSettings = {
				ALWAYS_EMBED_SWIFT_STANDARD_LIBRARIES = YES;
				BUNDLE_LOADER = "$(TEST_HOST)";
				CODE_SIGN_STYLE = Automatic;
				CURRENT_PROJECT_VERSION = 1;
				DEVELOPMENT_TEAM = 8KR33X63ZD;
				GENERATE_INFOPLIST_FILE = YES;
				IPHONEOS_DEPLOYMENT_TARGET = 17.5;
				MARKETING_VERSION = 1.0;
				PRODUCT_BUNDLE_IDENTIFIER = DuarteBruno.CompadreEspanholTests;
				PRODUCT_NAME = "$(TARGET_NAME)";
				SWIFT_EMIT_LOC_STRINGS = NO;
				SWIFT_VERSION = 5.0;
				TARGETED_DEVICE_FAMILY = "1,2";
				TEST_HOST = "$(BUILT_PRODUCTS_DIR)/CompadreEspanhol.app/$(BUNDLE_EXECUTABLE_FOLDER_PATH)/CompadreEspanhol";
			};
			name = Release;
		};
		7557EB472C7DFBE6006BE62B /* Debug */ = {
			isa = XCBuildConfiguration;
			buildSettings = {
				ALWAYS_EMBED_SWIFT_STANDARD_LIBRARIES = YES;
				CODE_SIGN_STYLE = Automatic;
				CURRENT_PROJECT_VERSION = 1;
				DEVELOPMENT_TEAM = 8KR33X63ZD;
				GENERATE_INFOPLIST_FILE = YES;
				MARKETING_VERSION = 1.0;
				PRODUCT_BUNDLE_IDENTIFIER = DuarteBruno.CompadreEspanholUITests;
				PRODUCT_NAME = "$(TARGET_NAME)";
				SWIFT_EMIT_LOC_STRINGS = NO;
				SWIFT_VERSION = 5.0;
				TARGETED_DEVICE_FAMILY = "1,2";
				TEST_TARGET_NAME = CompadreEspanhol;
			};
			name = Debug;
		};
		7557EB482C7DFBE6006BE62B /* Release */ = {
			isa = XCBuildConfiguration;
			buildSettings = {
				ALWAYS_EMBED_SWIFT_STANDARD_LIBRARIES = YES;
				CODE_SIGN_STYLE = Automatic;
				CURRENT_PROJECT_VERSION = 1;
				DEVELOPMENT_TEAM = 8KR33X63ZD;
				GENERATE_INFOPLIST_FILE = YES;
				MARKETING_VERSION = 1.0;
				PRODUCT_BUNDLE_IDENTIFIER = DuarteBruno.CompadreEspanholUITests;
				PRODUCT_NAME = "$(TARGET_NAME)";
				SWIFT_EMIT_LOC_STRINGS = NO;
				SWIFT_VERSION = 5.0;
				TARGETED_DEVICE_FAMILY = "1,2";
				TEST_TARGET_NAME = CompadreEspanhol;
			};
			name = Release;
		};
/* End XCBuildConfiguration section */

/* Begin XCConfigurationList section */
		7557EB172C7DFBE4006BE62B /* Build configuration list for PBXProject "CompadreEspanhol" */ = {
			isa = XCConfigurationList;
			buildConfigurations = (
				7557EB3E2C7DFBE6006BE62B /* Debug */,
				7557EB3F2C7DFBE6006BE62B /* Release */,
			);
			defaultConfigurationIsVisible = 0;
			defaultConfigurationName = Release;
		};
		7557EB402C7DFBE6006BE62B /* Build configuration list for PBXNativeTarget "CompadreEspanhol" */ = {
			isa = XCConfigurationList;
			buildConfigurations = (
				7557EB412C7DFBE6006BE62B /* Debug */,
				7557EB422C7DFBE6006BE62B /* Release */,
			);
			defaultConfigurationIsVisible = 0;
			defaultConfigurationName = Release;
		};
		7557EB432C7DFBE6006BE62B /* Build configuration list for PBXNativeTarget "CompadreEspanholTests" */ = {
			isa = XCConfigurationList;
			buildConfigurations = (
				7557EB442C7DFBE6006BE62B /* Debug */,
				7557EB452C7DFBE6006BE62B /* Release */,
			);
			defaultConfigurationIsVisible = 0;
			defaultConfigurationName = Release;
		};
		7557EB462C7DFBE6006BE62B /* Build configuration list for PBXNativeTarget "CompadreEspanholUITests" */ = {
			isa = XCConfigurationList;
			buildConfigurations = (
				7557EB472C7DFBE6006BE62B /* Debug */,
				7557EB482C7DFBE6006BE62B /* Release */,
			);
			defaultConfigurationIsVisible = 0;
			defaultConfigurationName = Release;
		};
/* End XCConfigurationList section */
	};
	rootObject = 7557EB142C7DFBE4006BE62B /* Project object */;
}
